{
  "name": "WebTattoo",
  "lockfileVersion": 3,
  "requires": true,
  "packages": {
    "": {
      "dependencies": {
        "gl-react": "^5.2.0",
        "gl-react-dom": "^5.2.1"
      }
    },
    "node_modules/add-line-numbers": {
      "version": "1.0.1",
      "resolved": "https://registry.npmjs.org/add-line-numbers/-/add-line-numbers-1.0.1.tgz",
      "integrity": "sha512-w+2a1malCvWwACQFBpZ5/uwmHGaGYT+aGIxA8ONF5vlhe6X/gD3eR8qVoLWa+5nnWAOq2LuPbrqDYqj1pn0WMg==",
      "license": "MIT",
      "dependencies": {
        "pad-left": "^1.0.2"
      }
    },
    "node_modules/atob-lite": {
      "version": "1.0.0",
      "resolved": "https://registry.npmjs.org/atob-lite/-/atob-lite-1.0.0.tgz",
      "integrity": "sha512-ArXcmHR/vwSN37HLVap/Y5SKpz12CuEybxe1sIYl7th/S6SQPrVMNFt6rblJzCOAxn0SHbXpknUtqbAIeo3Aow==",
      "license": "MIT"
    },
    "node_modules/bit-twiddle": {
      "version": "1.0.2",
      "resolved": "https://registry.npmjs.org/bit-twiddle/-/bit-twiddle-1.0.2.tgz",
      "integrity": "sha512-B9UhK0DKFZhoTFcfvAzhqsjStvGJp9vYWf3+6SNTtdSQnvIgfkHbgHrg/e4+TH71N2GDu8tpmCVoyfrL1d7ntA==",
      "license": "MIT"
    },
    "node_modules/core-util-is": {
      "version": "1.0.3",
      "resolved": "https://registry.npmjs.org/core-util-is/-/core-util-is-1.0.3.tgz",
      "integrity": "sha512-ZQBvi1DcpJ4GDqanjucZ2Hj3wEO5pZDS89BWbkcrvdxksJorwUDDZamX9ldFkp9aw2lmBDLgkObEA4DWNJ9FYQ==",
      "license": "MIT"
    },
    "node_modules/cwise-compiler": {
      "version": "1.1.3",
      "resolved": "https://registry.npmjs.org/cwise-compiler/-/cwise-compiler-1.1.3.tgz",
      "integrity": "sha512-WXlK/m+Di8DMMcCjcWr4i+XzcQra9eCdXIJrgh4TUgh0pIS/yJduLxS9JgefsHJ/YVLdgPtXm9r62W92MvanEQ==",
      "license": "MIT",
      "dependencies": {
        "uniq": "^1.0.0"
      }
    },
    "node_modules/dup": {
      "version": "1.0.0",
      "resolved": "https://registry.npmjs.org/dup/-/dup-1.0.0.tgz",
      "integrity": "sha512-Bz5jxMMC0wgp23Zm15ip1x8IhYRqJvF3nFC0UInJUDkN1z4uNPk9jTnfCUJXbOGiQ1JbXLQsiV41Fb+HXcj5BA==",
      "license": "MIT"
    },
    "node_modules/gl-constants": {
      "version": "1.0.0",
      "resolved": "https://registry.npmjs.org/gl-constants/-/gl-constants-1.0.0.tgz",
      "integrity": "sha512-3DNyoAUdb1c+o7jNk5Nm7eh6RSQFi9ZmMQIQb2xxsO27rUopE+IUhoh4xlUvZYBn1YPgUC8BlCnrVjXq/d2dQA==",
      "license": "MIT"
    },
    "node_modules/gl-format-compiler-error": {
      "version": "1.0.3",
      "resolved": "https://registry.npmjs.org/gl-format-compiler-error/-/gl-format-compiler-error-1.0.3.tgz",
      "integrity": "sha512-FtQaBYlsM/rnz7YhLkxG9dLcNDB+ExErIsFV2DXl0nk+YgIZ2i0jMob4BrhT9dNa179zFb0gZMWpNAokytK+Ug==",
      "license": "Unlicense",
      "dependencies": {
        "add-line-numbers": "^1.0.1",
        "gl-constants": "^1.0.0",
        "glsl-shader-name": "^1.0.0",
        "sprintf-js": "^1.0.3"
      }
    },
    "node_modules/gl-react": {
      "version": "5.2.0",
      "resolved": "https://registry.npmjs.org/gl-react/-/gl-react-5.2.0.tgz",
      "integrity": "sha512-A/FxG65e8Zx2RYi9+kYpeAwfFb7qQN0T6BCRXcUiwevUC//i3cH53w0AQRGj1mm96NVvD412mYJatl52qlDuxw==",
      "license": "MIT",
      "dependencies": {
        "gl-shader": "^4.2.1",
        "invariant": "^2.2.4",
        "ndarray": "^1.0.19",
        "prop-types": "^15.7.2",
        "typedarray-pool": "^1.2.0",
        "webgltexture-loader": "1.0.0",
        "webgltexture-loader-ndarray": "1.2.0"
      },
      "peerDependencies": {
        "react": "*"
      }
    },
    "node_modules/gl-react-dom": {
      "version": "5.2.1",
      "resolved": "https://registry.npmjs.org/gl-react-dom/-/gl-react-dom-5.2.1.tgz",
      "integrity": "sha512-RZxOovktk8czle/FiMbiEJJxHLICoHEzxU46GeQ9tqiWMYxj/wj01VbqGVlrn6wVZ+fx77bhRxzn5ptW2uuxbA==",
      "license": "MIT",
      "dependencies": {
        "invariant": "^2.2.4",
        "prop-types": "^15.7.2",
        "raf": "^3.4.1",
        "webgltexture-loader-dom": "1.0.0"
      },
      "peerDependencies": {
        "gl-react": "*",
        "react": "*"
      }
    },
    "node_modules/gl-shader": {
      "version": "4.3.1",
      "resolved": "https://registry.npmjs.org/gl-shader/-/gl-shader-4.3.1.tgz",
      "integrity": "sha512-xLoN6XtRLlg97SEqtuzfKc+pVWpVkQ3YjDI1kuCale8tF7+zMhiKlMfmG4IMQPMdKJZQbIc/Ny8ZusEpfh5U+w==",
      "license": "MIT",
      "dependencies": {
        "gl-format-compiler-error": "^1.0.2",
        "weakmap-shim": "^1.1.0"
      }
    },
    "node_modules/glsl-shader-name": {
      "version": "1.0.0",
      "resolved": "https://registry.npmjs.org/glsl-shader-name/-/glsl-shader-name-1.0.0.tgz",
      "integrity": "sha512-OtHon0dPCbJD+IrVA1vw9QDlp2cS/f9z8X/0y+W7Qy1oZ3U1iFAQUEco2v30V0SAlVLDG5rEfhjEfc3DKdGbFQ==",
      "license": "MIT",
      "dependencies": {
        "atob-lite": "^1.0.0",
        "glsl-tokenizer": "^2.0.2"
      }
    },
    "node_modules/glsl-tokenizer": {
      "version": "2.1.5",
      "resolved": "https://registry.npmjs.org/glsl-tokenizer/-/glsl-tokenizer-2.1.5.tgz",
      "integrity": "sha512-XSZEJ/i4dmz3Pmbnpsy3cKh7cotvFlBiZnDOwnj/05EwNp2XrhQ4XKJxT7/pDt4kp4YcpRSKz8eTV7S+mwV6MA==",
      "license": "MIT",
      "dependencies": {
        "through2": "^0.6.3"
      }
    },
    "node_modules/inherits": {
      "version": "2.0.4",
      "resolved": "https://registry.npmjs.org/inherits/-/inherits-2.0.4.tgz",
      "integrity": "sha512-k/vGaX4/Yla3WzyMCvTQOXYeIHvqOKtnqBduzTHpzpQZzAskKMhZ2K+EnBiSM9zGSoIFeMpXKxa4dYeZIQqewQ==",
      "license": "ISC"
    },
    "node_modules/invariant": {
      "version": "2.2.4",
      "resolved": "https://registry.npmjs.org/invariant/-/invariant-2.2.4.tgz",
      "integrity": "sha512-phJfQVBuaJM5raOpJjSfkiD6BpbCE4Ns//LaXl6wGYtUBY83nWS6Rf9tXm2e8VaK60JEjYldbPif/A2B1C2gNA==",
      "license": "MIT",
      "dependencies": {
        "loose-envify": "^1.0.0"
      }
    },
    "node_modules/iota-array": {
      "version": "1.0.0",
      "resolved": "https://registry.npmjs.org/iota-array/-/iota-array-1.0.0.tgz",
      "integrity": "sha512-pZ2xT+LOHckCatGQ3DcG/a+QuEqvoxqkiL7tvE8nn3uuu+f6i1TtpB5/FtWFbxUuVr5PZCx8KskuGatbJDXOWA==",
      "license": "MIT"
    },
    "node_modules/is-buffer": {
      "version": "1.1.6",
      "resolved": "https://registry.npmjs.org/is-buffer/-/is-buffer-1.1.6.tgz",
      "integrity": "sha512-NcdALwpXkTm5Zvvbk7owOUSvVvBKDgKP5/ewfXEznmQFfs4ZRmanOeKBTjRVjka3QFoN6XJ+9F3USqfHqTaU5w==",
      "license": "MIT"
    },
    "node_modules/isarray": {
      "version": "0.0.1",
      "resolved": "https://registry.npmjs.org/isarray/-/isarray-0.0.1.tgz",
      "integrity": "sha512-D2S+3GLxWH+uhrNEcoh/fnmYeP8E8/zHl644d/jdA0g2uyXvy3sb0qxotE+ne0LtccHknQzWwZEzhak7oJ0COQ==",
      "license": "MIT"
    },
    "node_modules/js-tokens": {
      "version": "4.0.0",
      "resolved": "https://registry.npmjs.org/js-tokens/-/js-tokens-4.0.0.tgz",
      "integrity": "sha512-RdJUflcE3cUzKiMqQgsCu06FPu9UdIJO0beYbPhHN4k6apgJtifcoCtT9bcxOpYBtpD2kCM6Sbzg4CausW/PKQ==",
      "license": "MIT"
    },
    "node_modules/loose-envify": {
      "version": "1.4.0",
      "resolved": "https://registry.npmjs.org/loose-envify/-/loose-envify-1.4.0.tgz",
      "integrity": "sha512-lyuxPGr/Wfhrlem2CL/UcnUc1zcqKAImBDzukY7Y5F/yQiNdko6+fRLevlw1HgMySw7f611UIY408EtxRSoK3Q==",
      "license": "MIT",
      "dependencies": {
        "js-tokens": "^3.0.0 || ^4.0.0"
      },
      "bin": {
        "loose-envify": "cli.js"
      }
    },
    "node_modules/ndarray": {
      "version": "1.0.19",
      "resolved": "https://registry.npmjs.org/ndarray/-/ndarray-1.0.19.tgz",
      "integrity": "sha512-B4JHA4vdyZU30ELBw3g7/p9bZupyew5a7tX1Y/gGeF2hafrPaQZhgrGQfsvgfYbgdFZjYwuEcnaobeM/WMW+HQ==",
      "license": "MIT",
      "dependencies": {
        "iota-array": "^1.0.0",
        "is-buffer": "^1.0.2"
      }
    },
    "node_modules/ndarray-ops": {
      "version": "1.2.2",
      "resolved": "https://registry.npmjs.org/ndarray-ops/-/ndarray-ops-1.2.2.tgz",
      "integrity": "sha512-BppWAFRjMYF7N/r6Ie51q6D4fs0iiGmeXIACKY66fLpnwIui3Wc3CXiD/30mgLbDjPpSLrsqcp3Z62+IcHZsDw==",
      "license": "MIT",
      "dependencies": {
        "cwise-compiler": "^1.0.0"
      }
    },
    "node_modules/object-assign": {
      "version": "4.1.1",
      "resolved": "https://registry.npmjs.org/object-assign/-/object-assign-4.1.1.tgz",
      "integrity": "sha512-rJgTQnkUnH1sFw8yT6VSU3zD3sWmu6sZhIseY8VX+GRu3P6F7Fu+JNDoXfklElbLJSnc3FUQHVe4cU5hj+BcUg==",
      "license": "MIT",
      "engines": {
        "node": ">=0.10.0"
      }
    },
    "node_modules/pad-left": {
      "version": "1.0.2",
      "resolved": "https://registry.npmjs.org/pad-left/-/pad-left-1.0.2.tgz",
      "integrity": "sha512-saxSV1EYAytuZDtQYEwi0DPzooG6aN18xyHrnJtzwjVwmMauzkEecd7hynVJGolNGk1Pl9tltmZqfze4TZTCxg==",
      "license": "MIT",
      "dependencies": {
        "repeat-string": "^1.3.0"
      },
      "engines": {
        "node": ">=0.10.0"
      }
    },
    "node_modules/performance-now": {
      "version": "2.1.0",
      "resolved": "https://registry.npmjs.org/performance-now/-/performance-now-2.1.0.tgz",
      "integrity": "sha512-7EAHlyLHI56VEIdK57uwHdHKIaAGbnXPiw0yWbarQZOKaKpvUIgW0jWRVLiatnM+XXlSwsanIBH/hzGMJulMow==",
      "license": "MIT"
    },
    "node_modules/prop-types": {
      "version": "15.8.1",
      "resolved": "https://registry.npmjs.org/prop-types/-/prop-types-15.8.1.tgz",
      "integrity": "sha512-oj87CgZICdulUohogVAR7AjlC0327U4el4L6eAvOqCeudMDVU0NThNaV+b9Df4dXgSP1gXMTnPdhfe/2qDH5cg==",
      "license": "MIT",
      "dependencies": {
        "loose-envify": "^1.4.0",
        "object-assign": "^4.1.1",
        "react-is": "^16.13.1"
      }
    },
    "node_modules/raf": {
      "version": "3.4.1",
      "resolved": "https://registry.npmjs.org/raf/-/raf-3.4.1.tgz",
      "integrity": "sha512-Sq4CW4QhwOHE8ucn6J34MqtZCeWFP2aQSmrlroYgqAV1PjStIhJXxYuTgUIfkEk7zTLjmIjLmU5q+fbD1NnOJA==",
      "license": "MIT",
      "dependencies": {
        "performance-now": "^2.1.0"
      }
    },
    "node_modules/react": {
      "version": "19.2.4",
      "resolved": "https://registry.npmjs.org/react/-/react-19.2.4.tgz",
      "integrity": "sha512-9nfp2hYpCwOjAN+8TZFGhtWEwgvWHXqESH8qT89AT/lWklpLON22Lc8pEtnpsZz7VmawabSU0gCjnj8aC0euHQ==",
      "license": "MIT",
      "peer": true,
      "engines": {
        "node": ">=0.10.0"
      }
    },
    "node_modules/react-is": {
      "version": "16.13.1",
      "resolved": "https://registry.npmjs.org/react-is/-/react-is-16.13.1.tgz",
      "integrity": "sha512-24e6ynE2H+OKt4kqsOvNd8kBpV65zoxbA4BVsEOB3ARVWQki/DHzaUoC5KuON/BiccDaCCTZBuOcfZs70kR8bQ==",
      "license": "MIT"
    },
    "node_modules/readable-stream": {
      "version": "1.0.34",
      "resolved": "https://registry.npmjs.org/readable-stream/-/readable-stream-1.0.34.tgz",
      "integrity": "sha512-ok1qVCJuRkNmvebYikljxJA/UEsKwLl2nI1OmaqAu4/UE+h0wKCHok4XkL/gvi39OacXvw59RJUOFUkDib2rHg==",
      "license": "MIT",
      "dependencies": {
        "core-util-is": "~1.0.0",
        "inherits": "~2.0.1",
        "isarray": "0.0.1",
        "string_decoder": "~0.10.x"
      }
    },
    "node_modules/repeat-string": {
      "version": "1.6.1",
      "resolved": "https://registry.npmjs.org/repeat-string/-/repeat-string-1.6.1.tgz",
      "integrity": "sha512-PV0dzCYDNfRi1jCDbJzpW7jNNDRuCOG/jI5ctQcGKt/clZD+YcPS3yIlWuTJMmESC8aevCFmWJy5wjAFgNqN6w==",
      "license": "MIT",
      "engines": {
        "node": ">=0.10"
      }
    },
    "node_modules/sprintf-js": {
      "version": "1.1.3",
      "resolved": "https://registry.npmjs.org/sprintf-js/-/sprintf-js-1.1.3.tgz",
      "integrity": "sha512-Oo+0REFV59/rz3gfJNKQiBlwfHaSESl1pcGyABQsnnIfWOFt6JNj5gCog2U6MLZ//IGYD+nA8nI+mTShREReaA==",
      "license": "BSD-3-Clause"
    },
    "node_modules/string_decoder": {
      "version": "0.10.31",
      "resolved": "https://registry.npmjs.org/string_decoder/-/string_decoder-0.10.31.tgz",
      "integrity": "sha512-ev2QzSzWPYmy9GuqfIVildA4OdcGLeFZQrq5ys6RtiuF+RQQiZWr8TZNyAcuVXyQRYfEO+MsoB/1BuQVhOJuoQ==",
      "license": "MIT"
    },
    "node_modules/through2": {
      "version": "0.6.5",
      "resolved": "https://registry.npmjs.org/through2/-/through2-0.6.5.tgz",
      "integrity": "sha512-RkK/CCESdTKQZHdmKICijdKKsCRVHs5KsLZ6pACAmF/1GPUQhonHSXWNERctxEp7RmvjdNbZTL5z9V7nSCXKcg==",
      "license": "MIT",
      "dependencies": {
        "readable-stream": ">=1.0.33-1 <1.1.0-0",
        "xtend": ">=4.0.0 <4.1.0-0"
      }
    },
    "node_modules/typedarray-pool": {
      "version": "1.2.0",
      "resolved": "https://registry.npmjs.org/typedarray-pool/-/typedarray-pool-1.2.0.tgz",
      "integrity": "sha512-YTSQbzX43yvtpfRtIDAYygoYtgT+Rpjuxy9iOpczrjpXLgGoyG7aS5USJXV2d3nn8uHTeb9rXDvzS27zUg5KYQ==",
      "license": "MIT",
      "dependencies": {
        "bit-twiddle": "^1.0.0",
        "dup": "^1.0.0"
      }
    },
    "node_modules/uniq": {
      "version": "1.0.1",
      "resolved": "https://registry.npmjs.org/uniq/-/uniq-1.0.1.tgz",
      "integrity": "sha512-Gw+zz50YNKPDKXs+9d+aKAjVwpjNwqzvNpLigIruT4HA9lMZNdMqs9x07kKHB/L9WRzqp4+DlTU5s4wG2esdoA==",
      "license": "MIT"
    },
    "node_modules/weakmap-shim": {
      "version": "1.1.1",
      "resolved": "https://registry.npmjs.org/weakmap-shim/-/weakmap-shim-1.1.1.tgz",
      "integrity": "sha512-/wNyG+1FpiHhnfQo+TuA/XAUpvOOkKVl0A4qpT+oGcj5SlZCLmM+M1Py/3Sj8sy+YrEauCVITOxCsZKo6sPbQg=="
    },
    "node_modules/webgltexture-loader": {
      "version": "1.0.0",
      "resolved": "https://registry.npmjs.org/webgltexture-loader/-/webgltexture-loader-1.0.0.tgz",
      "integrity": "sha512-TbQUdr0Bc3tcJ4pKIFoM9dKyLdYNf9Uxq05oZuIT+2e/vCcfaQS+WjNmW1FwYqaBrzcLr9CA/HBAmvyaS/REGw==",
      "license": "MIT"
    },
    "node_modules/webgltexture-loader-dom": {
      "version": "1.0.0",
      "resolved": "https://registry.npmjs.org/webgltexture-loader-dom/-/webgltexture-loader-dom-1.0.0.tgz",
      "integrity": "sha512-JavQ9Hvv3DIYx6WuqzVa76bn2YCcq1lazUdzf277VZWrmxVCln5QFjyTfWZozgYtT21lVeu6MdMOUIbY4xhjqA==",
      "license": "MIT",
      "dependencies": {
        "webgltexture-loader-dom-canvas": "^1.0.0",
        "webgltexture-loader-dom-image-url": "^1.0.0",
        "webgltexture-loader-dom-video": "^1.0.0"
      }
    },
    "node_modules/webgltexture-loader-dom-canvas": {
      "version": "1.0.0",
      "resolved": "https://registry.npmjs.org/webgltexture-loader-dom-canvas/-/webgltexture-loader-dom-canvas-1.0.0.tgz",
      "integrity": "sha512-lRDoPVE4GXFyfsl/E5+sZd7m6304RmBRky0SmgHlqJZJySFrCbQMF/hMQkWNWM5iYks84kRUGlwugW/c6OgpDw==",
      "license": "MIT",
      "dependencies": {
        "webgltexture-loader": "^1.0.0"
      }
    },
    "node_modules/webgltexture-loader-dom-image-url": {
      "version": "1.0.0",
      "resolved": "https://registry.npmjs.org/webgltexture-loader-dom-image-url/-/webgltexture-loader-dom-image-url-1.0.0.tgz",
      "integrity": "sha512-KiQ16cLBTjoCQfdvfy1SQP3wMWEPW9ADqsODyhd+6nMg7qD6FmewF3OZs6chF4yfDtlVVXRYI/cDGF1K9MK5Mg==",
      "license": "MIT",
      "dependencies": {
        "webgltexture-loader": "^1.0.0"
      }
    },
    "node_modules/webgltexture-loader-dom-video": {
      "version": "1.0.0",
      "resolved": "https://registry.npmjs.org/webgltexture-loader-dom-video/-/webgltexture-loader-dom-video-1.0.0.tgz",
      "integrity": "sha512-o3zB2XQEMAqgHQeNavoy4q5/lwIIt1MjF6Qj+pUDju9VlovJXGJiCIZ/suv715YgS3k36/pg97847GhV3bHczQ==",
      "license": "MIT",
      "dependencies": {
        "webgltexture-loader": "^1.0.0"
      }
    },
    "node_modules/webgltexture-loader-ndarray": {
      "version": "1.2.0",
      "resolved": "https://registry.npmjs.org/webgltexture-loader-ndarray/-/webgltexture-loader-ndarray-1.2.0.tgz",
      "integrity": "sha512-gWTIqCOYs1XK6Yp4G7XvFDhvCvr6wFjTLPRN/HGBouF4u0to2fAIh5+2cxzEs1WE7eSwsxg1y5aNi1jRXSX+zA==",
      "license": "MIT",
      "dependencies": {
        "ndarray": "^1.0.19",
        "ndarray-ops": "^1.2.2",
        "typedarray-pool": "^1.2.0",
        "webgltexture-loader": "^1.0.0"
      }
    },
    "node_modules/xtend": {
      "version": "4.0.2",
      "resolved": "https://registry.npmjs.org/xtend/-/xtend-4.0.2.tgz",
      "integrity": "sha512-LKYU1iAXJXUgAXn9URjiu+MWhyUXHsvfp7mcuYm9dSUKK0/CjtrUwFAxD82/mCWbtLsGjFIad0wIsod4zrTAEQ==",
      "license": "MIT",
      "engines": {
        "node": ">=0.4"
      }
    }
  }
}
